// !$*UTF8*$!
{
	archiveVersion = 1;
	classes = {
	};
	objectVersion = 56;
	objects = {

/* Begin PBXBuildFile section */
		618972FD2C762BB800E74B6F /* RickMortyAppApp.swift in Sources */ = {isa = PBXBuildFile; fileRef = 618972FC2C762BB800E74B6F /* RickMortyAppApp.swift */; };
		618972FF2C762BB800E74B6F /* SplashView.swift in Sources */ = {isa = PBXBuildFile; fileRef = 618972FE2C762BB800E74B6F /* SplashView.swift */; };
		618973012C762BBA00E74B6F /* Assets.xcassets in Resources */ = {isa = PBXBuildFile; fileRef = 618973002C762BBA00E74B6F /* Assets.xcassets */; };
		618973042C762BBA00E74B6F /* Preview Assets.xcassets in Resources */ = {isa = PBXBuildFile; fileRef = 618973032C762BBA00E74B6F /* Preview Assets.xcassets */; };
		618973142C762DC100E74B6F /* NetworkInterface.swift in Sources */ = {isa = PBXBuildFile; fileRef = 618973132C762DC100E74B6F /* NetworkInterface.swift */; };
		618973162C76328E00E74B6F /* NetworkPersistance.swift in Sources */ = {isa = PBXBuildFile; fileRef = 618973152C76328E00E74B6F /* NetworkPersistance.swift */; };
		618973182C7632C900E74B6F /* NetworkErrors.swift in Sources */ = {isa = PBXBuildFile; fileRef = 618973172C7632C900E74B6F /* NetworkErrors.swift */; };
		6189731A2C76330E00E74B6F /* String+Extension.swift in Sources */ = {isa = PBXBuildFile; fileRef = 618973192C76330E00E74B6F /* String+Extension.swift */; };
		6189731C2C76336300E74B6F /* Character.swift in Sources */ = {isa = PBXBuildFile; fileRef = 6189731B2C76336300E74B6F /* Character.swift */; };
		6189731E2C76351C00E74B6F /* ApiResponse.swift in Sources */ = {isa = PBXBuildFile; fileRef = 6189731D2C76351C00E74B6F /* ApiResponse.swift */; };
		618973202C76355E00E74B6F /* Info.swift in Sources */ = {isa = PBXBuildFile; fileRef = 6189731F2C76355E00E74B6F /* Info.swift */; };
		618973272C76382E00E74B6F /* DetailCharacter.swift in Sources */ = {isa = PBXBuildFile; fileRef = 618973262C76382E00E74B6F /* DetailCharacter.swift */; };
		618973292C76383E00E74B6F /* CharactersView.swift in Sources */ = {isa = PBXBuildFile; fileRef = 618973282C76383E00E74B6F /* CharactersView.swift */; };
		6189732B2C7638D600E74B6F /* Origin.swift in Sources */ = {isa = PBXBuildFile; fileRef = 6189732A2C7638D600E74B6F /* Origin.swift */; };
		6189732D2C76392B00E74B6F /* Location.swift in Sources */ = {isa = PBXBuildFile; fileRef = 6189732C2C76392B00E74B6F /* Location.swift */; };
		6189732F2C763CCA00E74B6F /* ColorAssets.xcassets in Resources */ = {isa = PBXBuildFile; fileRef = 6189732E2C763CCA00E74B6F /* ColorAssets.xcassets */; };
		618973322C7656C800E74B6F /* ShadowContainer.swift in Sources */ = {isa = PBXBuildFile; fileRef = 618973312C7656C700E74B6F /* ShadowContainer.swift */; };
		618973342C76581500E74B6F /* Text+extension.swift in Sources */ = {isa = PBXBuildFile; fileRef = 618973332C76581500E74B6F /* Text+extension.swift */; };
		619480C22C77590D00F28D2D /* CharacterCell.swift in Sources */ = {isa = PBXBuildFile; fileRef = 619480C12C77590D00F28D2D /* CharacterCell.swift */; };
		619480C72C777EDF00F28D2D /* CustomRounderedTextFieldStyle.swift in Sources */ = {isa = PBXBuildFile; fileRef = 619480C62C777EDF00F28D2D /* CustomRounderedTextFieldStyle.swift */; };
		619480CB2C7780CE00F28D2D /* CustomSearchBar.swift in Sources */ = {isa = PBXBuildFile; fileRef = 619480CA2C7780CE00F28D2D /* CustomSearchBar.swift */; };
		619480CD2C77845000F28D2D /* CharactersViewModel.swift in Sources */ = {isa = PBXBuildFile; fileRef = 619480CC2C77845000F28D2D /* CharactersViewModel.swift */; };
		619480CF2C7785E200F28D2D /* CharactersServices.swift in Sources */ = {isa = PBXBuildFile; fileRef = 619480CE2C7785E200F28D2D /* CharactersServices.swift */; };
/* End PBXBuildFile section */

/* Begin PBXFileReference section */
		618972F92C762BB800E74B6F /* RickMortyApp.app */ = {isa = PBXFileReference; explicitFileType = wrapper.application; includeInIndex = 0; path = RickMortyApp.app; sourceTree = BUILT_PRODUCTS_DIR; };
		618972FC2C762BB800E74B6F /* RickMortyAppApp.swift */ = {isa = PBXFileReference; lastKnownFileType = sourcecode.swift; path = RickMortyAppApp.swift; sourceTree = "<group>"; };
		618972FE2C762BB800E74B6F /* SplashView.swift */ = {isa = PBXFileReference; lastKnownFileType = sourcecode.swift; path = SplashView.swift; sourceTree = "<group>"; };
		618973002C762BBA00E74B6F /* Assets.xcassets */ = {isa = PBXFileReference; lastKnownFileType = folder.assetcatalog; path = Assets.xcassets; sourceTree = "<group>"; };
		618973032C762BBA00E74B6F /* Preview Assets.xcassets */ = {isa = PBXFileReference; lastKnownFileType = folder.assetcatalog; path = "Preview Assets.xcassets"; sourceTree = "<group>"; };
		618973132C762DC100E74B6F /* NetworkInterface.swift */ = {isa = PBXFileReference; lastKnownFileType = sourcecode.swift; path = NetworkInterface.swift; sourceTree = "<group>"; };
		618973152C76328E00E74B6F /* NetworkPersistance.swift */ = {isa = PBXFileReference; lastKnownFileType = sourcecode.swift; path = NetworkPersistance.swift; sourceTree = "<group>"; };
		618973172C7632C900E74B6F /* NetworkErrors.swift */ = {isa = PBXFileReference; lastKnownFileType = sourcecode.swift; path = NetworkErrors.swift; sourceTree = "<group>"; };
		618973192C76330E00E74B6F /* String+Extension.swift */ = {isa = PBXFileReference; lastKnownFileType = sourcecode.swift; path = "String+Extension.swift"; sourceTree = "<group>"; };
		6189731B2C76336300E74B6F /* Character.swift */ = {isa = PBXFileReference; lastKnownFileType = sourcecode.swift; path = Character.swift; sourceTree = "<group>"; };
		6189731D2C76351C00E74B6F /* ApiResponse.swift */ = {isa = PBXFileReference; lastKnownFileType = sourcecode.swift; path = ApiResponse.swift; sourceTree = "<group>"; };
		6189731F2C76355E00E74B6F /* Info.swift */ = {isa = PBXFileReference; lastKnownFileType = sourcecode.swift; path = Info.swift; sourceTree = "<group>"; };
		618973262C76382E00E74B6F /* DetailCharacter.swift */ = {isa = PBXFileReference; lastKnownFileType = sourcecode.swift; path = DetailCharacter.swift; sourceTree = "<group>"; };
		618973282C76383E00E74B6F /* CharactersView.swift */ = {isa = PBXFileReference; lastKnownFileType = sourcecode.swift; path = CharactersView.swift; sourceTree = "<group>"; };
		6189732A2C7638D600E74B6F /* Origin.swift */ = {isa = PBXFileReference; lastKnownFileType = sourcecode.swift; path = Origin.swift; sourceTree = "<group>"; };
		6189732C2C76392B00E74B6F /* Location.swift */ = {isa = PBXFileReference; lastKnownFileType = sourcecode.swift; path = Location.swift; sourceTree = "<group>"; };
		6189732E2C763CCA00E74B6F /* ColorAssets.xcassets */ = {isa = PBXFileReference; lastKnownFileType = folder.assetcatalog; path = ColorAssets.xcassets; sourceTree = "<group>"; };
		618973312C7656C700E74B6F /* ShadowContainer.swift */ = {isa = PBXFileReference; fileEncoding = 4; lastKnownFileType = sourcecode.swift; path = ShadowContainer.swift; sourceTree = "<group>"; };
		618973332C76581500E74B6F /* Text+extension.swift */ = {isa = PBXFileReference; lastKnownFileType = sourcecode.swift; path = "Text+extension.swift"; sourceTree = "<group>"; };
		619480C12C77590D00F28D2D /* CharacterCell.swift */ = {isa = PBXFileReference; lastKnownFileType = sourcecode.swift; path = CharacterCell.swift; sourceTree = "<group>"; };
		619480C62C777EDF00F28D2D /* CustomRounderedTextFieldStyle.swift */ = {isa = PBXFileReference; lastKnownFileType = sourcecode.swift; path = CustomRounderedTextFieldStyle.swift; sourceTree = "<group>"; };
		619480CA2C7780CE00F28D2D /* CustomSearchBar.swift */ = {isa = PBXFileReference; lastKnownFileType = sourcecode.swift; path = CustomSearchBar.swift; sourceTree = "<group>"; };
		619480CC2C77845000F28D2D /* CharactersViewModel.swift */ = {isa = PBXFileReference; lastKnownFileType = sourcecode.swift; path = CharactersViewModel.swift; sourceTree = "<group>"; };
		619480CE2C7785E200F28D2D /* CharactersServices.swift */ = {isa = PBXFileReference; lastKnownFileType = sourcecode.swift; path = CharactersServices.swift; sourceTree = "<group>"; };
/* End PBXFileReference section */

/* Begin PBXFrameworksBuildPhase section */
		618972F62C762BB800E74B6F /* Frameworks */ = {
			isa = PBXFrameworksBuildPhase;
			buildActionMask = 2147483647;
			files = (
			);
			runOnlyForDeploymentPostprocessing = 0;
		};
/* End PBXFrameworksBuildPhase section */

/* Begin PBXGroup section */
		618972F02C762BB800E74B6F = {
			isa = PBXGroup;
			children = (
				618972FB2C762BB800E74B6F /* RickMortyApp */,
				618972FA2C762BB800E74B6F /* Products */,
			);
			sourceTree = "<group>";
		};
		618972FA2C762BB800E74B6F /* Products */ = {
			isa = PBXGroup;
			children = (
				618972F92C762BB800E74B6F /* RickMortyApp.app */,
			);
			name = Products;
			sourceTree = "<group>";
		};
		618972FB2C762BB800E74B6F /* RickMortyApp */ = {
			isa = PBXGroup;
			children = (
				6189730A2C762C6300E74B6F /* System */,
				6189730E2C762CF200E74B6F /* Resources */,
				618973302C76568A00E74B6F /* Modifiers */,
				618973102C762D1000E74B6F /* Extensions */,
				618973112C762D2F00E74B6F /* UI */,
				6189730F2C762D0800E74B6F /* Models */,
				6189730D2C762CE600E74B6F /* Storage */,
				6189730B2C762C8B00E74B6F /* Network */,
				6189730C2C762C9B00E74B6F /* Services */,
				618973022C762BBA00E74B6F /* Preview Content */,
			);
			path = RickMortyApp;
			sourceTree = "<group>";
		};
		618973022C762BBA00E74B6F /* Preview Content */ = {
			isa = PBXGroup;
			children = (
				618973032C762BBA00E74B6F /* Preview Assets.xcassets */,
			);
			path = "Preview Content";
			sourceTree = "<group>";
		};
		6189730A2C762C6300E74B6F /* System */ = {
			isa = PBXGroup;
			children = (
				618972FC2C762BB800E74B6F /* RickMortyAppApp.swift */,
			);
			path = System;
			sourceTree = "<group>";
		};
		6189730B2C762C8B00E74B6F /* Network */ = {
			isa = PBXGroup;
			children = (
				618973132C762DC100E74B6F /* NetworkInterface.swift */,
				618973152C76328E00E74B6F /* NetworkPersistance.swift */,
				618973172C7632C900E74B6F /* NetworkErrors.swift */,
			);
			path = Network;
			sourceTree = "<group>";
		};
		6189730C2C762C9B00E74B6F /* Services */ = {
			isa = PBXGroup;
			children = (
				619480CE2C7785E200F28D2D /* CharactersServices.swift */,
			);
			path = Services;
			sourceTree = "<group>";
		};
		6189730D2C762CE600E74B6F /* Storage */ = {
			isa = PBXGroup;
			children = (
			);
			path = Storage;
			sourceTree = "<group>";
		};
		6189730E2C762CF200E74B6F /* Resources */ = {
			isa = PBXGroup;
			children = (
				618973002C762BBA00E74B6F /* Assets.xcassets */,
				6189732E2C763CCA00E74B6F /* ColorAssets.xcassets */,
			);
			path = Resources;
			sourceTree = "<group>";
		};
		6189730F2C762D0800E74B6F /* Models */ = {
			isa = PBXGroup;
			children = (
				6189731B2C76336300E74B6F /* Character.swift */,
				6189731D2C76351C00E74B6F /* ApiResponse.swift */,
				6189731F2C76355E00E74B6F /* Info.swift */,
				6189732A2C7638D600E74B6F /* Origin.swift */,
				6189732C2C76392B00E74B6F /* Location.swift */,
			);
			path = Models;
			sourceTree = "<group>";
		};
		618973102C762D1000E74B6F /* Extensions */ = {
			isa = PBXGroup;
			children = (
				618973192C76330E00E74B6F /* String+Extension.swift */,
				618973332C76581500E74B6F /* Text+extension.swift */,
			);
			path = Extensions;
			sourceTree = "<group>";
		};
		618973112C762D2F00E74B6F /* UI */ = {
			isa = PBXGroup;
			children = (
				618973252C76380800E74B6F /* Splash */,
				618973242C7637FD00E74B6F /* DetailCharacter */,
				618973232C7637EE00E74B6F /* Characters */,
				618973122C762D3600E74B6F /* Components */,
			);
			path = UI;
			sourceTree = "<group>";
		};
		618973122C762D3600E74B6F /* Components */ = {
			isa = PBXGroup;
			children = (
				619480CA2C7780CE00F28D2D /* CustomSearchBar.swift */,
			);
			path = Components;
			sourceTree = "<group>";
		};
		618973232C7637EE00E74B6F /* Characters */ = {
			isa = PBXGroup;
			children = (
				619480C02C7758D100F28D2D /* CharacterCell */,
				618973282C76383E00E74B6F /* CharactersView.swift */,
				619480CC2C77845000F28D2D /* CharactersViewModel.swift */,
			);
			path = Characters;
			sourceTree = "<group>";
		};
		618973242C7637FD00E74B6F /* DetailCharacter */ = {
			isa = PBXGroup;
			children = (
				618973262C76382E00E74B6F /* DetailCharacter.swift */,
			);
			path = DetailCharacter;
			sourceTree = "<group>";
		};
		618973252C76380800E74B6F /* Splash */ = {
			isa = PBXGroup;
			children = (
				618972FE2C762BB800E74B6F /* SplashView.swift */,
			);
			path = Splash;
			sourceTree = "<group>";
		};
		618973302C76568A00E74B6F /* Modifiers */ = {
			isa = PBXGroup;
			children = (
				618973312C7656C700E74B6F /* ShadowContainer.swift */,
				619480C62C777EDF00F28D2D /* CustomRounderedTextFieldStyle.swift */,
			);
			path = Modifiers;
			sourceTree = "<group>";
		};
		619480C02C7758D100F28D2D /* CharacterCell */ = {
			isa = PBXGroup;
			children = (
				619480C12C77590D00F28D2D /* CharacterCell.swift */,
			);
			path = CharacterCell;
			sourceTree = "<group>";
		};
/* End PBXGroup section */

/* Begin PBXNativeTarget section */
		618972F82C762BB800E74B6F /* RickMortyApp */ = {
			isa = PBXNativeTarget;
			buildConfigurationList = 618973072C762BBA00E74B6F /* Build configuration list for PBXNativeTarget "RickMortyApp" */;
			buildPhases = (
				618972F52C762BB800E74B6F /* Sources */,
				618972F62C762BB800E74B6F /* Frameworks */,
				618972F72C762BB800E74B6F /* Resources */,
			);
			buildRules = (
			);
			dependencies = (
			);
			name = RickMortyApp;
			productName = RickMortyApp;
			productReference = 618972F92C762BB800E74B6F /* RickMortyApp.app */;
			productType = "com.apple.product-type.application";
		};
/* End PBXNativeTarget section */

/* Begin PBXProject section */
		618972F12C762BB800E74B6F /* Project object */ = {
			isa = PBXProject;
			attributes = {
				BuildIndependentTargetsInParallel = 1;
				LastSwiftUpdateCheck = 1540;
				LastUpgradeCheck = 1540;
				TargetAttributes = {
					618972F82C762BB800E74B6F = {
						CreatedOnToolsVersion = 15.4;
					};
				};
			};
			buildConfigurationList = 618972F42C762BB800E74B6F /* Build configuration list for PBXProject "RickMortyApp" */;
			compatibilityVersion = "Xcode 14.0";
			developmentRegion = en;
			hasScannedForEncodings = 0;
			knownRegions = (
				en,
				Base,
			);
			mainGroup = 618972F02C762BB800E74B6F;
			productRefGroup = 618972FA2C762BB800E74B6F /* Products */;
			projectDirPath = "";
			projectRoot = "";
			targets = (
				618972F82C762BB800E74B6F /* RickMortyApp */,
			);
		};
/* End PBXProject section */

/* Begin PBXResourcesBuildPhase section */
		618972F72C762BB800E74B6F /* Resources */ = {
			isa = PBXResourcesBuildPhase;
			buildActionMask = 2147483647;
			files = (
				618973042C762BBA00E74B6F /* Preview Assets.xcassets in Resources */,
				6189732F2C763CCA00E74B6F /* ColorAssets.xcassets in Resources */,
				618973012C762BBA00E74B6F /* Assets.xcassets in Resources */,
			);
			runOnlyForDeploymentPostprocessing = 0;
		};
/* End PBXResourcesBuildPhase section */

/* Begin PBXSourcesBuildPhase section */
		618972F52C762BB800E74B6F /* Sources */ = {
			isa = PBXSourcesBuildPhase;
			buildActionMask = 2147483647;
			files = (
				618973342C76581500E74B6F /* Text+extension.swift in Sources */,
				618972FF2C762BB800E74B6F /* SplashView.swift in Sources */,
				618973142C762DC100E74B6F /* NetworkInterface.swift in Sources */,
				619480CF2C7785E200F28D2D /* CharactersServices.swift in Sources */,
				6189731C2C76336300E74B6F /* Character.swift in Sources */,
				618973292C76383E00E74B6F /* CharactersView.swift in Sources */,
				618973202C76355E00E74B6F /* Info.swift in Sources */,
				619480C72C777EDF00F28D2D /* CustomRounderedTextFieldStyle.swift in Sources */,
				618973182C7632C900E74B6F /* NetworkErrors.swift in Sources */,
				6189732D2C76392B00E74B6F /* Location.swift in Sources */,
				619480CD2C77845000F28D2D /* CharactersViewModel.swift in Sources */,
				618973162C76328E00E74B6F /* NetworkPersistance.swift in Sources */,
				618973272C76382E00E74B6F /* DetailCharacter.swift in Sources */,
				618973322C7656C800E74B6F /* ShadowContainer.swift in Sources */,
				619480C22C77590D00F28D2D /* CharacterCell.swift in Sources */,
				6189731E2C76351C00E74B6F /* ApiResponse.swift in Sources */,
				619480CB2C7780CE00F28D2D /* CustomSearchBar.swift in Sources */,
				6189731A2C76330E00E74B6F /* String+Extension.swift in Sources */,
				618972FD2C762BB800E74B6F /* RickMortyAppApp.swift in Sources */,
				6189732B2C7638D600E74B6F /* Origin.swift in Sources */,
			);
			runOnlyForDeploymentPostprocessing = 0;
		};
/* End PBXSourcesBuildPhase section */

/* Begin XCBuildConfiguration section */
		618973052C762BBA00E74B6F /* Debug */ = {
			isa = XCBuildConfiguration;
			buildSettings = {
				ALWAYS_SEARCH_USER_PATHS = NO;
				ASSETCATALOG_COMPILER_GENERATE_SWIFT_ASSET_SYMBOL_EXTENSIONS = YES;
				CLANG_ANALYZER_NONNULL = YES;
				CLANG_ANALYZER_NUMBER_OBJECT_CONVERSION = YES_AGGRESSIVE;
				CLANG_CXX_LANGUAGE_STANDARD = "gnu++20";
				CLANG_ENABLE_MODULES = YES;
				CLANG_ENABLE_OBJC_ARC = YES;
				CLANG_ENABLE_OBJC_WEAK = YES;
				CLANG_WARN_BLOCK_CAPTURE_AUTORELEASING = YES;
				CLANG_WARN_BOOL_CONVERSION = YES;
				CLANG_WARN_COMMA = YES;
				CLANG_WARN_CONSTANT_CONVERSION = YES;
				CLANG_WARN_DEPRECATED_OBJC_IMPLEMENTATIONS = YES;
				CLANG_WARN_DIRECT_OBJC_ISA_USAGE = YES_ERROR;
				CLANG_WARN_DOCUMENTATION_COMMENTS = YES;
				CLANG_WARN_EMPTY_BODY = YES;
				CLANG_WARN_ENUM_CONVERSION = YES;
				CLANG_WARN_INFINITE_RECURSION = YES;
				CLANG_WARN_INT_CONVERSION = YES;
				CLANG_WARN_NON_LITERAL_NULL_CONVERSION = YES;
				CLANG_WARN_OBJC_IMPLICIT_RETAIN_SELF = YES;
				CLANG_WARN_OBJC_LITERAL_CONVERSION = YES;
				CLANG_WARN_OBJC_ROOT_CLASS = YES_ERROR;
				CLANG_WARN_QUOTED_INCLUDE_IN_FRAMEWORK_HEADER = YES;
				CLANG_WARN_RANGE_LOOP_ANALYSIS = YES;
				CLANG_WARN_STRICT_PROTOTYPES = YES;
				CLANG_WARN_SUSPICIOUS_MOVE = YES;
				CLANG_WARN_UNGUARDED_AVAILABILITY = YES_AGGRESSIVE;
				CLANG_WARN_UNREACHABLE_CODE = YES;
				CLANG_WARN__DUPLICATE_METHOD_MATCH = YES;
				COPY_PHASE_STRIP = NO;
				DEBUG_INFORMATION_FORMAT = dwarf;
				ENABLE_STRICT_OBJC_MSGSEND = YES;
				ENABLE_TESTABILITY = YES;
				ENABLE_USER_SCRIPT_SANDBOXING = YES;
				GCC_C_LANGUAGE_STANDARD = gnu17;
				GCC_DYNAMIC_NO_PIC = NO;
				GCC_NO_COMMON_BLOCKS = YES;
				GCC_OPTIMIZATION_LEVEL = 0;
				GCC_PREPROCESSOR_DEFINITIONS = (
					"DEBUG=1",
					"$(inherited)",
				);
				GCC_WARN_64_TO_32_BIT_CONVERSION = YES;
				GCC_WARN_ABOUT_RETURN_TYPE = YES_ERROR;
				GCC_WARN_UNDECLARED_SELECTOR = YES;
				GCC_WARN_UNINITIALIZED_AUTOS = YES_AGGRESSIVE;
				GCC_WARN_UNUSED_FUNCTION = YES;
				GCC_WARN_UNUSED_VARIABLE = YES;
				IPHONEOS_DEPLOYMENT_TARGET = 17.5;
				LOCALIZATION_PREFERS_STRING_CATALOGS = YES;
				MTL_ENABLE_DEBUG_INFO = INCLUDE_SOURCE;
				MTL_FAST_MATH = YES;
				ONLY_ACTIVE_ARCH = YES;
				SDKROOT = iphoneos;
				SWIFT_ACTIVE_COMPILATION_CONDITIONS = "DEBUG $(inherited)";
				SWIFT_OPTIMIZATION_LEVEL = "-Onone";
			};
			name = Debug;
		};
		618973062C762BBA00E74B6F /* Release */ = {
			isa = XCBuildConfiguration;
			buildSettings = {
				ALWAYS_SEARCH_USER_PATHS = NO;
				ASSETCATALOG_COMPILER_GENERATE_SWIFT_ASSET_SYMBOL_EXTENSIONS = YES;
				CLANG_ANALYZER_NONNULL = YES;
				CLANG_ANALYZER_NUMBER_OBJECT_CONVERSION = YES_AGGRESSIVE;
				CLANG_CXX_LANGUAGE_STANDARD = "gnu++20";
				CLANG_ENABLE_MODULES = YES;
				CLANG_ENABLE_OBJC_ARC = YES;
				CLANG_ENABLE_OBJC_WEAK = YES;
				CLANG_WARN_BLOCK_CAPTURE_AUTORELEASING = YES;
				CLANG_WARN_BOOL_CONVERSION = YES;
				CLANG_WARN_COMMA = YES;
				CLANG_WARN_CONSTANT_CONVERSION = YES;
				CLANG_WARN_DEPRECATED_OBJC_IMPLEMENTATIONS = YES;
				CLANG_WARN_DIRECT_OBJC_ISA_USAGE = YES_ERROR;
				CLANG_WARN_DOCUMENTATION_COMMENTS = YES;
				CLANG_WARN_EMPTY_BODY = YES;
				CLANG_WARN_ENUM_CONVERSION = YES;
				CLANG_WARN_INFINITE_RECURSION = YES;
				CLANG_WARN_INT_CONVERSION = YES;
				CLANG_WARN_NON_LITERAL_NULL_CONVERSION = YES;
				CLANG_WARN_OBJC_IMPLICIT_RETAIN_SELF = YES;
				CLANG_WARN_OBJC_LITERAL_CONVERSION = YES;
				CLANG_WARN_OBJC_ROOT_CLASS = YES_ERROR;
				CLANG_WARN_QUOTED_INCLUDE_IN_FRAMEWORK_HEADER = YES;
				CLANG_WARN_RANGE_LOOP_ANALYSIS = YES;
				CLANG_WARN_STRICT_PROTOTYPES = YES;
				CLANG_WARN_SUSPICIOUS_MOVE = YES;
				CLANG_WARN_UNGUARDED_AVAILABILITY = YES_AGGRESSIVE;
				CLANG_WARN_UNREACHABLE_CODE = YES;
				CLANG_WARN__DUPLICATE_METHOD_MATCH = YES;
				COPY_PHASE_STRIP = NO;
				DEBUG_INFORMATION_FORMAT = "dwarf-with-dsym";
				ENABLE_NS_ASSERTIONS = NO;
				ENABLE_STRICT_OBJC_MSGSEND = YES;
				ENABLE_USER_SCRIPT_SANDBOXING = YES;
				GCC_C_LANGUAGE_STANDARD = gnu17;
				GCC_NO_COMMON_BLOCKS = YES;
				GCC_WARN_64_TO_32_BIT_CONVERSION = YES;
				GCC_WARN_ABOUT_RETURN_TYPE = YES_ERROR;
				GCC_WARN_UNDECLARED_SELECTOR = YES;
				GCC_WARN_UNINITIALIZED_AUTOS = YES_AGGRESSIVE;
				GCC_WARN_UNUSED_FUNCTION = YES;
				GCC_WARN_UNUSED_VARIABLE = YES;
				IPHONEOS_DEPLOYMENT_TARGET = 17.5;
				LOCALIZATION_PREFERS_STRING_CATALOGS = YES;
				MTL_ENABLE_DEBUG_INFO = NO;
				MTL_FAST_MATH = YES;
				SDKROOT = iphoneos;
				SWIFT_COMPILATION_MODE = wholemodule;
				VALIDATE_PRODUCT = YES;
			};
			name = Release;
		};
		618973082C762BBA00E74B6F /* Debug */ = {
			isa = XCBuildConfiguration;
			buildSettings = {
				ASSETCATALOG_COMPILER_APPICON_NAME = AppIcon;
				ASSETCATALOG_COMPILER_GLOBAL_ACCENT_COLOR_NAME = AccentColor;
				CODE_SIGN_STYLE = Automatic;
				CURRENT_PROJECT_VERSION = 1;
				DEVELOPMENT_ASSET_PATHS = "\"RickMortyApp/Preview Content\"";
				DEVELOPMENT_TEAM = XAQUR7N3VW;
				ENABLE_PREVIEWS = YES;
				GENERATE_INFOPLIST_FILE = YES;
				INFOPLIST_KEY_UIApplicationSceneManifest_Generation = YES;
				INFOPLIST_KEY_UIApplicationSupportsIndirectInputEvents = YES;
				INFOPLIST_KEY_UILaunchScreen_Generation = YES;
				INFOPLIST_KEY_UISupportedInterfaceOrientations = UIInterfaceOrientationPortrait;
				INFOPLIST_KEY_UISupportedInterfaceOrientations_iPad = "UIInterfaceOrientationLandscapeLeft UIInterfaceOrientationLandscapeRight UIInterfaceOrientationPortrait UIInterfaceOrientationPortraitUpsideDown";
				IPHONEOS_DEPLOYMENT_TARGET = 16;
				LD_RUNPATH_SEARCH_PATHS = (
					"$(inherited)",
					"@executable_path/Frameworks",
				);
				MARKETING_VERSION = 1.0;
				PRODUCT_BUNDLE_IDENTIFIER = com.SilviaCasanova.RickMortyApp;
				PRODUCT_NAME = "$(TARGET_NAME)";
				SUPPORTED_PLATFORMS = "iphoneos iphonesimulator";
				SUPPORTS_MACCATALYST = NO;
				SUPPORTS_MAC_DESIGNED_FOR_IPHONE_IPAD = YES;
				SWIFT_EMIT_LOC_STRINGS = YES;
				SWIFT_VERSION = 5.0;
				TARGETED_DEVICE_FAMILY = 1;
			};
			name = Debug;
		};
		618973092C762BBA00E74B6F /* Release */ = {
			isa = XCBuildConfiguration;
			buildSettings = {
				ASSETCATALOG_COMPILER_APPICON_NAME = AppIcon;
				ASSETCATALOG_COMPILER_GLOBAL_ACCENT_COLOR_NAME = AccentColor;
				CODE_SIGN_STYLE = Automatic;
				CURRENT_PROJECT_VERSION = 1;
				DEVELOPMENT_ASSET_PATHS = "\"RickMortyApp/Preview Content\"";
				DEVELOPMENT_TEAM = XAQUR7N3VW;
				ENABLE_PREVIEWS = YES;
				GENERATE_INFOPLIST_FILE = YES;
				INFOPLIST_KEY_UIApplicationSceneManifest_Generation = YES;
				INFOPLIST_KEY_UIApplicationSupportsIndirectInputEvents = YES;
				INFOPLIST_KEY_UILaunchScreen_Generation = YES;
				INFOPLIST_KEY_UISupportedInterfaceOrientations = UIInterfaceOrientationPortrait;
				INFOPLIST_KEY_UISupportedInterfaceOrientations_iPad = "UIInterfaceOrientationLandscapeLeft UIInterfaceOrientationLandscapeRight UIInterfaceOrientationPortrait UIInterfaceOrientationPortraitUpsideDown";
				IPHONEOS_DEPLOYMENT_TARGET = 16;
				LD_RUNPATH_SEARCH_PATHS = (
					"$(inherited)",
					"@executable_path/Frameworks",
				);
				MARKETING_VERSION = 1.0;
				PRODUCT_BUNDLE_IDENTIFIER = com.SilviaCasanova.RickMortyApp;
				PRODUCT_NAME = "$(TARGET_NAME)";
				SUPPORTED_PLATFORMS = "iphoneos iphonesimulator";
				SUPPORTS_MACCATALYST = NO;
				SUPPORTS_MAC_DESIGNED_FOR_IPHONE_IPAD = YES;
				SWIFT_EMIT_LOC_STRINGS = YES;
				SWIFT_VERSION = 5.0;
				TARGETED_DEVICE_FAMILY = 1;
			};
			name = Release;
		};
/* End XCBuildConfiguration section */

/* Begin XCConfigurationList section */
		618972F42C762BB800E74B6F /* Build configuration list for PBXProject "RickMortyApp" */ = {
			isa = XCConfigurationList;
			buildConfigurations = (
				618973052C762BBA00E74B6F /* Debug */,
				618973062C762BBA00E74B6F /* Release */,
			);
			defaultConfigurationIsVisible = 0;
			defaultConfigurationName = Release;
		};
		618973072C762BBA00E74B6F /* Build configuration list for PBXNativeTarget "RickMortyApp" */ = {
			isa = XCConfigurationList;
			buildConfigurations = (
				618973082C762BBA00E74B6F /* Debug */,
				618973092C762BBA00E74B6F /* Release */,
			);
			defaultConfigurationIsVisible = 0;
			defaultConfigurationName = Release;
		};
/* End XCConfigurationList section */
	};
	rootObject = 618972F12C762BB800E74B6F /* Project object */;
}
